
Microsoft Visual Studio Solution File, Format Version 12.00
# Visual Studio Version 17
VisualStudioVersion = 17.0.31903.59
MinimumVisualStudioVersion = 10.0.40219.1
Project("{2150E333-8FDC-42A3-9474-1A3956D46DE8}") = "src", "src", "{9900FFF1-689B-4ADD-B344-FB15ACB8EAEB}"
EndProject
Project("{FAE04EC0-301F-11D3-BF4B-00C04F79EFBC}") = "Analytics.Api", "src\Analytics.Api\Analytics.Api.csproj", "{BAD0F779-BD88-4B4C-BAD1-AF6658B1FE1A}"
EndProject
Project("{FAE04EC0-301F-11D3-BF4B-00C04F79EFBC}") = "Aspire.AppHost", "src\Aspire.AppHost\Aspire.AppHost.csproj", "{BBA20313-F6B3-4DC3-8101-1D3A429A5B8B}"
EndProject
Project("{FAE04EC0-301F-11D3-BF4B-00C04F79EFBC}") = "Aspire.ServiceDefaults", "src\Aspire.ServiceDefaults\Aspire.ServiceDefaults.csproj", "{68B94493-95EA-4E02-84D7-0926EE9094BF}"
EndProject
Project("{FAE04EC0-301F-11D3-BF4B-00C04F79EFBC}") = "Driver.Api", "src\Driver.Api\Driver.Api.csproj", "{2AB2CBB9-FA44-4A77-9B19-9FF8EBA28676}"
EndProject
Project("{FAE04EC0-301F-11D3-BF4B-00C04F79EFBC}") = "Notification.Api", "src\Notification.Api\Notification.Api.csproj", "{488C7EB9-E5F7-48B0-A5F4-4FEE4D18572C}"
EndProject
Project("{FAE04EC0-301F-11D3-BF4B-00C04F79EFBC}") = "Payment.Api", "src\Payment.Api\Payment.Api.csproj", "{73A23790-469D-4978-A6CE-7DB651BD99C0}"
EndProject
Project("{FAE04EC0-301F-11D3-BF4B-00C04F79EFBC}") = "Pricing.Api", "src\Pricing.Api\Pricing.Api.csproj", "{093B6261-2060-4B50-84C7-13A5402DEA3E}"
EndProject
Project("{FAE04EC0-301F-11D3-BF4B-00C04F79EFBC}") = "Rider.Api", "src\Rider.Api\Rider.Api.csproj", "{21B1F994-C49F-4AC3-8E76-70FBE0CCDA53}"
EndProject
Project("{FAE04EC0-301F-11D3-BF4B-00C04F79EFBC}") = "Trip.Api", "src\Trip.Api\Trip.Api.csproj", "{4BA89843-0BEE-4D52-A1FF-64DE34FF78CC}"
EndProject
Project("{FAE04EC0-301F-11D3-BF4B-00C04F79EFBC}") = "Shared", "src\Shared\Shared.csproj", "{94A71B41-292F-4A6D-BF3D-F81B742D5B80}"
EndProject
Project("{2150E333-8FDC-42A3-9474-1A3956D46DE8}") = "tests", "tests", "{0AB3BF05-4346-4AA6-1389-037BE0695223}"
EndProject
Project("{FAE04EC0-301F-11D3-BF4B-00C04F79EFBC}") = "Rider.Api.Tests", "tests\Rider.Api.Tests\Rider.Api.Tests.csproj", "{02A04B66-B940-468F-B7E4-3B70D6426F8C}"
EndProject
Global
	GlobalSection(SolutionConfigurationPlatforms) = preSolution
		Debug|Any CPU = Debug|Any CPU
		Debug|x64 = Debug|x64
		Debug|x86 = Debug|x86
		Release|Any CPU = Release|Any CPU
		Release|x64 = Release|x64
		Release|x86 = Release|x86
	EndGlobalSection
	GlobalSection(ProjectConfigurationPlatforms) = postSolution
		{BAD0F779-BD88-4B4C-BAD1-AF6658B1FE1A}.Debug|Any CPU.ActiveCfg = Debug|Any CPU
		{BAD0F779-BD88-4B4C-BAD1-AF6658B1FE1A}.Debug|Any CPU.Build.0 = Debug|Any CPU
		{BAD0F779-BD88-4B4C-BAD1-AF6658B1FE1A}.Debug|x64.ActiveCfg = Debug|Any CPU
		{BAD0F779-BD88-4B4C-BAD1-AF6658B1FE1A}.Debug|x64.Build.0 = Debug|Any CPU
		{BAD0F779-BD88-4B4C-BAD1-AF6658B1FE1A}.Debug|x86.ActiveCfg = Debug|Any CPU
		{BAD0F779-BD88-4B4C-BAD1-AF6658B1FE1A}.Debug|x86.Build.0 = Debug|Any CPU
		{BAD0F779-BD88-4B4C-BAD1-AF6658B1FE1A}.Release|Any CPU.ActiveCfg = Release|Any CPU
		{BAD0F779-BD88-4B4C-BAD1-AF6658B1FE1A}.Release|Any CPU.Build.0 = Release|Any CPU
		{BAD0F779-BD88-4B4C-BAD1-AF6658B1FE1A}.Release|x64.ActiveCfg = Release|Any CPU
		{BAD0F779-BD88-4B4C-BAD1-AF6658B1FE1A}.Release|x64.Build.0 = Release|Any CPU
		{BAD0F779-BD88-4B4C-BAD1-AF6658B1FE1A}.Release|x86.ActiveCfg = Release|Any CPU
		{BAD0F779-BD88-4B4C-BAD1-AF6658B1FE1A}.Release|x86.Build.0 = Release|Any CPU
		{BBA20313-F6B3-4DC3-8101-1D3A429A5B8B}.Debug|Any CPU.ActiveCfg = Debug|Any CPU
		{BBA20313-F6B3-4DC3-8101-1D3A429A5B8B}.Debug|Any CPU.Build.0 = Debug|Any CPU
		{BBA20313-F6B3-4DC3-8101-1D3A429A5B8B}.Debug|x64.ActiveCfg = Debug|Any CPU
		{BBA20313-F6B3-4DC3-8101-1D3A429A5B8B}.Debug|x64.Build.0 = Debug|Any CPU
		{BBA20313-F6B3-4DC3-8101-1D3A429A5B8B}.Debug|x86.ActiveCfg = Debug|Any CPU
		{BBA20313-F6B3-4DC3-8101-1D3A429A5B8B}.Debug|x86.Build.0 = Debug|Any CPU
		{BBA20313-F6B3-4DC3-8101-1D3A429A5B8B}.Release|Any CPU.ActiveCfg = Release|Any CPU
		{BBA20313-F6B3-4DC3-8101-1D3A429A5B8B}.Release|Any CPU.Build.0 = Release|Any CPU
		{BBA20313-F6B3-4DC3-8101-1D3A429A5B8B}.Release|x64.ActiveCfg = Release|Any CPU
		{BBA20313-F6B3-4DC3-8101-1D3A429A5B8B}.Release|x64.Build.0 = Release|Any CPU
		{BBA20313-F6B3-4DC3-8101-1D3A429A5B8B}.Release|x86.ActiveCfg = Release|Any CPU
		{BBA20313-F6B3-4DC3-8101-1D3A429A5B8B}.Release|x86.Build.0 = Release|Any CPU
		{68B94493-95EA-4E02-84D7-0926EE9094BF}.Debug|Any CPU.ActiveCfg = Debug|Any CPU
		{68B94493-95EA-4E02-84D7-0926EE9094BF}.Debug|Any CPU.Build.0 = Debug|Any CPU
		{68B94493-95EA-4E02-84D7-0926EE9094BF}.Debug|x64.ActiveCfg = Debug|Any CPU
		{68B94493-95EA-4E02-84D7-0926EE9094BF}.Debug|x64.Build.0 = Debug|Any CPU
		{68B94493-95EA-4E02-84D7-0926EE9094BF}.Debug|x86.ActiveCfg = Debug|Any CPU
		{68B94493-95EA-4E02-84D7-0926EE9094BF}.Debug|x86.Build.0 = Debug|Any CPU
		{68B94493-95EA-4E02-84D7-0926EE9094BF}.Release|Any CPU.ActiveCfg = Release|Any CPU
		{68B94493-95EA-4E02-84D7-0926EE9094BF}.Release|Any CPU.Build.0 = Release|Any CPU
		{68B94493-95EA-4E02-84D7-0926EE9094BF}.Release|x64.ActiveCfg = Release|Any CPU
		{68B94493-95EA-4E02-84D7-0926EE9094BF}.Release|x64.Build.0 = Release|Any CPU
		{68B94493-95EA-4E02-84D7-0926EE9094BF}.Release|x86.ActiveCfg = Release|Any CPU
		{68B94493-95EA-4E02-84D7-0926EE9094BF}.Release|x86.Build.0 = Release|Any CPU
		{2AB2CBB9-FA44-4A77-9B19-9FF8EBA28676}.Debug|Any CPU.ActiveCfg = Debug|Any CPU
		{2AB2CBB9-FA44-4A77-9B19-9FF8EBA28676}.Debug|Any CPU.Build.0 = Debug|Any CPU
		{2AB2CBB9-FA44-4A77-9B19-9FF8EBA28676}.Debug|x64.ActiveCfg = Debug|Any CPU
		{2AB2CBB9-FA44-4A77-9B19-9FF8EBA28676}.Debug|x64.Build.0 = Debug|Any CPU
		{2AB2CBB9-FA44-4A77-9B19-9FF8EBA28676}.Debug|x86.ActiveCfg = Debug|Any CPU
		{2AB2CBB9-FA44-4A77-9B19-9FF8EBA28676}.Debug|x86.Build.0 = Debug|Any CPU
		{2AB2CBB9-FA44-4A77-9B19-9FF8EBA28676}.Release|Any CPU.ActiveCfg = Release|Any CPU
		{2AB2CBB9-FA44-4A77-9B19-9FF8EBA28676}.Release|Any CPU.Build.0 = Release|Any CPU
		{2AB2CBB9-FA44-4A77-9B19-9FF8EBA28676}.Release|x64.ActiveCfg = Release|Any CPU
		{2AB2CBB9-FA44-4A77-9B19-9FF8EBA28676}.Release|x64.Build.0 = Release|Any CPU
		{2AB2CBB9-FA44-4A77-9B19-9FF8EBA28676}.Release|x86.ActiveCfg = Release|Any CPU
		{2AB2CBB9-FA44-4A77-9B19-9FF8EBA28676}.Release|x86.Build.0 = Release|Any CPU
		{488C7EB9-E5F7-48B0-A5F4-4FEE4D18572C}.Debug|Any CPU.ActiveCfg = Debug|Any CPU
		{488C7EB9-E5F7-48B0-A5F4-4FEE4D18572C}.Debug|Any CPU.Build.0 = Debug|Any CPU
		{488C7EB9-E5F7-48B0-A5F4-4FEE4D18572C}.Debug|x64.ActiveCfg = Debug|Any CPU
		{488C7EB9-E5F7-48B0-A5F4-4FEE4D18572C}.Debug|x64.Build.0 = Debug|Any CPU
		{488C7EB9-E5F7-48B0-A5F4-4FEE4D18572C}.Debug|x86.ActiveCfg = Debug|Any CPU
		{488C7EB9-E5F7-48B0-A5F4-4FEE4D18572C}.Debug|x86.Build.0 = Debug|Any CPU
		{488C7EB9-E5F7-48B0-A5F4-4FEE4D18572C}.Release|Any CPU.ActiveCfg = Release|Any CPU
		{488C7EB9-E5F7-48B0-A5F4-4FEE4D18572C}.Release|Any CPU.Build.0 = Release|Any CPU
		{488C7EB9-E5F7-48B0-A5F4-4FEE4D18572C}.Release|x64.ActiveCfg = Release|Any CPU
		{488C7EB9-E5F7-48B0-A5F4-4FEE4D18572C}.Release|x64.Build.0 = Release|Any CPU
		{488C7EB9-E5F7-48B0-A5F4-4FEE4D18572C}.Release|x86.ActiveCfg = Release|Any CPU
		{488C7EB9-E5F7-48B0-A5F4-4FEE4D18572C}.Release|x86.Build.0 = Release|Any CPU
		{73A23790-469D-4978-A6CE-7DB651BD99C0}.Debug|Any CPU.ActiveCfg = Debug|Any CPU
		{73A23790-469D-4978-A6CE-7DB651BD99C0}.Debug|Any CPU.Build.0 = Debug|Any CPU
		{73A23790-469D-4978-A6CE-7DB651BD99C0}.Debug|x64.ActiveCfg = Debug|Any CPU
		{73A23790-469D-4978-A6CE-7DB651BD99C0}.Debug|x64.Build.0 = Debug|Any CPU
		{73A23790-469D-4978-A6CE-7DB651BD99C0}.Debug|x86.ActiveCfg = Debug|Any CPU
		{73A23790-469D-4978-A6CE-7DB651BD99C0}.Debug|x86.Build.0 = Debug|Any CPU
		{73A23790-469D-4978-A6CE-7DB651BD99C0}.Release|Any CPU.ActiveCfg = Release|Any CPU
		{73A23790-469D-4978-A6CE-7DB651BD99C0}.Release|Any CPU.Build.0 = Release|Any CPU
		{73A23790-469D-4978-A6CE-7DB651BD99C0}.Release|x64.ActiveCfg = Release|Any CPU
		{73A23790-469D-4978-A6CE-7DB651BD99C0}.Release|x64.Build.0 = Release|Any CPU
		{73A23790-469D-4978-A6CE-7DB651BD99C0}.Release|x86.ActiveCfg = Release|Any CPU
		{73A23790-469D-4978-A6CE-7DB651BD99C0}.Release|x86.Build.0 = Release|Any CPU
		{093B6261-2060-4B50-84C7-13A5402DEA3E}.Debug|Any CPU.ActiveCfg = Debug|Any CPU
		{093B6261-2060-4B50-84C7-13A5402DEA3E}.Debug|Any CPU.Build.0 = Debug|Any CPU
		{093B6261-2060-4B50-84C7-13A5402DEA3E}.Debug|x64.ActiveCfg = Debug|Any CPU
		{093B6261-2060-4B50-84C7-13A5402DEA3E}.Debug|x64.Build.0 = Debug|Any CPU
		{093B6261-2060-4B50-84C7-13A5402DEA3E}.Debug|x86.ActiveCfg = Debug|Any CPU
		{093B6261-2060-4B50-84C7-13A5402DEA3E}.Debug|x86.Build.0 = Debug|Any CPU
		{093B6261-2060-4B50-84C7-13A5402DEA3E}.Release|Any CPU.ActiveCfg = Release|Any CPU
		{093B6261-2060-4B50-84C7-13A5402DEA3E}.Release|Any CPU.Build.0 = Release|Any CPU
		{093B6261-2060-4B50-84C7-13A5402DEA3E}.Release|x64.ActiveCfg = Release|Any CPU
		{093B6261-2060-4B50-84C7-13A5402DEA3E}.Release|x64.Build.0 = Release|Any CPU
		{093B6261-2060-4B50-84C7-13A5402DEA3E}.Release|x86.ActiveCfg = Release|Any CPU
		{093B6261-2060-4B50-84C7-13A5402DEA3E}.Release|x86.Build.0 = Release|Any CPU
		{21B1F994-C49F-4AC3-8E76-70FBE0CCDA53}.Debug|Any CPU.ActiveCfg = Debug|Any CPU
		{21B1F994-C49F-4AC3-8E76-70FBE0CCDA53}.Debug|Any CPU.Build.0 = Debug|Any CPU
		{21B1F994-C49F-4AC3-8E76-70FBE0CCDA53}.Debug|x64.ActiveCfg = Debug|Any CPU
		{21B1F994-C49F-4AC3-8E76-70FBE0CCDA53}.Debug|x64.Build.0 = Debug|Any CPU
		{21B1F994-C49F-4AC3-8E76-70FBE0CCDA53}.Debug|x86.ActiveCfg = Debug|Any CPU
		{21B1F994-C49F-4AC3-8E76-70FBE0CCDA53}.Debug|x86.Build.0 = Debug|Any CPU
		{21B1F994-C49F-4AC3-8E76-70FBE0CCDA53}.Release|Any CPU.ActiveCfg = Release|Any CPU
		{21B1F994-C49F-4AC3-8E76-70FBE0CCDA53}.Release|Any CPU.Build.0 = Release|Any CPU
		{21B1F994-C49F-4AC3-8E76-70FBE0CCDA53}.Release|x64.ActiveCfg = Release|Any CPU
		{21B1F994-C49F-4AC3-8E76-70FBE0CCDA53}.Release|x64.Build.0 = Release|Any CPU
		{21B1F994-C49F-4AC3-8E76-70FBE0CCDA53}.Release|x86.ActiveCfg = Release|Any CPU
		{21B1F994-C49F-4AC3-8E76-70FBE0CCDA53}.Release|x86.Build.0 = Release|Any CPU
		{4BA89843-0BEE-4D52-A1FF-64DE34FF78CC}.Debug|Any CPU.ActiveCfg = Debug|Any CPU
		{4BA89843-0BEE-4D52-A1FF-64DE34FF78CC}.Debug|Any CPU.Build.0 = Debug|Any CPU
		{4BA89843-0BEE-4D52-A1FF-64DE34FF78CC}.Debug|x64.ActiveCfg = Debug|Any CPU
		{4BA89843-0BEE-4D52-A1FF-64DE34FF78CC}.Debug|x64.Build.0 = Debug|Any CPU
		{4BA89843-0BEE-4D52-A1FF-64DE34FF78CC}.Debug|x86.ActiveCfg = Debug|Any CPU
		{4BA89843-0BEE-4D52-A1FF-64DE34FF78CC}.Debug|x86.Build.0 = Debug|Any CPU
		{4BA89843-0BEE-4D52-A1FF-64DE34FF78CC}.Release|Any CPU.ActiveCfg = Release|Any CPU
		{4BA89843-0BEE-4D52-A1FF-64DE34FF78CC}.Release|Any CPU.Build.0 = Release|Any CPU
		{4BA89843-0BEE-4D52-A1FF-64DE34FF78CC}.Release|x64.ActiveCfg = Release|Any CPU
		{4BA89843-0BEE-4D52-A1FF-64DE34FF78CC}.Release|x64.Build.0 = Release|Any CPU
		{4BA89843-0BEE-4D52-A1FF-64DE34FF78CC}.Release|x86.ActiveCfg = Release|Any CPU
		{4BA89843-0BEE-4D52-A1FF-64DE34FF78CC}.Release|x86.Build.0 = Release|Any CPU
		{94A71B41-292F-4A6D-BF3D-F81B742D5B80}.Debug|Any CPU.ActiveCfg = Debug|Any CPU
		{94A71B41-292F-4A6D-BF3D-F81B742D5B80}.Debug|Any CPU.Build.0 = Debug|Any CPU
		{94A71B41-292F-4A6D-BF3D-F81B742D5B80}.Debug|x64.ActiveCfg = Debug|Any CPU
		{94A71B41-292F-4A6D-BF3D-F81B742D5B80}.Debug|x64.Build.0 = Debug|Any CPU
		{94A71B41-292F-4A6D-BF3D-F81B742D5B80}.Debug|x86.ActiveCfg = Debug|Any CPU
		{94A71B41-292F-4A6D-BF3D-F81B742D5B80}.Debug|x86.Build.0 = Debug|Any CPU
		{94A71B41-292F-4A6D-BF3D-F81B742D5B80}.Release|Any CPU.ActiveCfg = Release|Any CPU
		{94A71B41-292F-4A6D-BF3D-F81B742D5B80}.Release|Any CPU.Build.0 = Release|Any CPU
		{94A71B41-292F-4A6D-BF3D-F81B742D5B80}.Release|x64.ActiveCfg = Release|Any CPU
		{94A71B41-292F-4A6D-BF3D-F81B742D5B80}.Release|x64.Build.0 = Release|Any CPU
		{94A71B41-292F-4A6D-BF3D-F81B742D5B80}.Release|x86.ActiveCfg = Release|Any CPU
		{94A71B41-292F-4A6D-BF3D-F81B742D5B80}.Release|x86.Build.0 = Release|Any CPU
		{02A04B66-B940-468F-B7E4-3B70D6426F8C}.Debug|Any CPU.ActiveCfg = Debug|Any CPU
		{02A04B66-B940-468F-B7E4-3B70D6426F8C}.Debug|Any CPU.Build.0 = Debug|Any CPU
		{02A04B66-B940-468F-B7E4-3B70D6426F8C}.Debug|x64.ActiveCfg = Debug|Any CPU
		{02A04B66-B940-468F-B7E4-3B70D6426F8C}.Debug|x64.Build.0 = Debug|Any CPU
		{02A04B66-B940-468F-B7E4-3B70D6426F8C}.Debug|x86.ActiveCfg = Debug|Any CPU
		{02A04B66-B940-468F-B7E4-3B70D6426F8C}.Debug|x86.Build.0 = Debug|Any CPU
		{02A04B66-B940-468F-B7E4-3B70D6426F8C}.Release|Any CPU.ActiveCfg = Release|Any CPU
		{02A04B66-B940-468F-B7E4-3B70D6426F8C}.Release|Any CPU.Build.0 = Release|Any CPU
		{02A04B66-B940-468F-B7E4-3B70D6426F8C}.Release|x64.ActiveCfg = Release|Any CPU
		{02A04B66-B940-468F-B7E4-3B70D6426F8C}.Release|x64.Build.0 = Release|Any CPU
		{02A04B66-B940-468F-B7E4-3B70D6426F8C}.Release|x86.ActiveCfg = Release|Any CPU
		{02A04B66-B940-468F-B7E4-3B70D6426F8C}.Release|x86.Build.0 = Release|Any CPU
	EndGlobalSection
	GlobalSection(SolutionProperties) = preSolution
		HideSolutionNode = FALSE
	EndGlobalSection
	GlobalSection(NestedProjects) = preSolution
		{BAD0F779-BD88-4B4C-BAD1-AF6658B1FE1A} = {9900FFF1-689B-4ADD-B344-FB15ACB8EAEB}
		{BBA20313-F6B3-4DC3-8101-1D3A429A5B8B} = {9900FFF1-689B-4ADD-B344-FB15ACB8EAEB}
		{68B94493-95EA-4E02-84D7-0926EE9094BF} = {9900FFF1-689B-4ADD-B344-FB15ACB8EAEB}
		{2AB2CBB9-FA44-4A77-9B19-9FF8EBA28676} = {9900FFF1-689B-4ADD-B344-FB15ACB8EAEB}
		{488C7EB9-E5F7-48B0-A5F4-4FEE4D18572C} = {9900FFF1-689B-4ADD-B344-FB15ACB8EAEB}
		{73A23790-469D-4978-A6CE-7DB651BD99C0} = {9900FFF1-689B-4ADD-B344-FB15ACB8EAEB}
		{093B6261-2060-4B50-84C7-13A5402DEA3E} = {9900FFF1-689B-4ADD-B344-FB15ACB8EAEB}
		{21B1F994-C49F-4AC3-8E76-70FBE0CCDA53} = {9900FFF1-689B-4ADD-B344-FB15ACB8EAEB}
		{4BA89843-0BEE-4D52-A1FF-64DE34FF78CC} = {9900FFF1-689B-4ADD-B344-FB15ACB8EAEB}
		{94A71B41-292F-4A6D-BF3D-F81B742D5B80} = {9900FFF1-689B-4ADD-B344-FB15ACB8EAEB}
		{02A04B66-B940-468F-B7E4-3B70D6426F8C} = {0AB3BF05-4346-4AA6-1389-037BE0695223}
	EndGlobalSection
EndGlobal
